
Microsoft Visual Studio Solution File, Format Version 12.00
# Visual Studio Version 17
VisualStudioVersion = 17.2.32630.192
MinimumVisualStudioVersion = 10.0.40219.1
Project("{FAE04EC0-301F-11D3-BF4B-00C04F79EFBC}") = "XORingStuff", "XORingStuff\XORingStuff.csproj", "{DA488B9C-6273-4173-9A49-0FAE8EB50E07}"
EndProject
Global
	GlobalSection(SolutionConfigurationPlatforms) = preSolution
		Debug|Any CPU = Debug|Any CPU
		Release|Any CPU = Release|Any CPU
	EndGlobalSection
	GlobalSection(ProjectConfigurationPlatforms) = postSolution
		{DA488B9C-6273-4173-9A49-0FAE8EB50E07}.Debug|Any CPU.ActiveCfg = Debug|Any CPU
		{DA488B9C-6273-4173-9A49-0FAE8EB50E07}.Debug|Any CPU.Build.0 = Debug|Any CPU
		{DA488B9C-6273-4173-9A49-0FAE8EB50E07}.Release|Any CPU.ActiveCfg = Release|Any CPU
		{DA488B9C-6273-4173-9A49-0FAE8EB50E07}.Release|Any CPU.Build.0 = Release|Any CPU
	EndGlobalSection
	GlobalSection(SolutionProperties) = preSolution
		HideSolutionNode = FALSE
	EndGlobalSection
	GlobalSection(ExtensibilityGlobals) = postSolution
		SolutionGuid = {89115C33-932D-45BA-B3BD-D8C588F302E0}
	EndGlobalSection
EndGlobal
